
Microsoft Visual Studio Solution File, Format Version 12.00
# Visual Studio Version 16
VisualStudioVersion = 16.0.30011.22
MinimumVisualStudioVersion = 10.0.40219.1
Project("{9A19103F-16F7-4668-BE54-9A1E7A4F7556}") = "CompraloTodo", "CompraloTodo\CompraloTodo.csproj", "{DDFAA26E-2374-4611-9516-4D17FC1F032E}"
EndProject
Project("{FAE04EC0-301F-11D3-BF4B-00C04F79EFBC}") = "CompraloTodoTes", "CompraloTodoTes\CompraloTodoTes.csproj", "{0F612516-3A05-47B9-98D5-55ACED891CA7}"
EndProject
Global
	GlobalSection(SolutionConfigurationPlatforms) = preSolution
		Debug|Any CPU = Debug|Any CPU
		Release|Any CPU = Release|Any CPU
	EndGlobalSection
	GlobalSection(ProjectConfigurationPlatforms) = postSolution
		{DDFAA26E-2374-4611-9516-4D17FC1F032E}.Debug|Any CPU.ActiveCfg = Debug|Any CPU
		{DDFAA26E-2374-4611-9516-4D17FC1F032E}.Debug|Any CPU.Build.0 = Debug|Any CPU
		{DDFAA26E-2374-4611-9516-4D17FC1F032E}.Release|Any CPU.ActiveCfg = Release|Any CPU
		{DDFAA26E-2374-4611-9516-4D17FC1F032E}.Release|Any CPU.Build.0 = Release|Any CPU
		{0F612516-3A05-47B9-98D5-55ACED891CA7}.Debug|Any CPU.ActiveCfg = Debug|Any CPU
		{0F612516-3A05-47B9-98D5-55ACED891CA7}.Debug|Any CPU.Build.0 = Debug|Any CPU
		{0F612516-3A05-47B9-98D5-55ACED891CA7}.Release|Any CPU.ActiveCfg = Release|Any CPU
		{0F612516-3A05-47B9-98D5-55ACED891CA7}.Release|Any CPU.Build.0 = Release|Any CPU
	EndGlobalSection
	GlobalSection(SolutionProperties) = preSolution
		HideSolutionNode = FALSE
	EndGlobalSection
	GlobalSection(ExtensibilityGlobals) = postSolution
		SolutionGuid = {0C5A1965-5461-4BF3-BA0D-11A825BC3B24}
	EndGlobalSection
EndGlobal
